
Microsoft Visual Studio Solution File, Format Version 12.00
# Visual Studio Version 17
VisualStudioVersion = 17.0.32014.148
MinimumVisualStudioVersion = 10.0.40219.1
Project("{9A19103F-16F7-4668-BE54-9A1E7A4F7556}") = "FindDriver.Api", "FindDriver\FindDriver.Api.csproj", "{B8D21F40-6343-46DA-8B58-44C25AE4B799}"
EndProject
Project("{9A19103F-16F7-4668-BE54-9A1E7A4F7556}") = "FindFriver.Infrastructure", "FindFriver.Infrastructure\FindFriver.Infrastructure.csproj", "{E155C20D-A554-47AA-AB07-AB519A41E3DB}"
EndProject
Project("{9A19103F-16F7-4668-BE54-9A1E7A4F7556}") = "FindDriver.Domain", "FindDriver.Domain\FindDriver.Domain.csproj", "{3D9A2C72-D655-4B25-8E4C-C8F8EE8A40DD}"
EndProject
Project("{2150E333-8FDC-42A3-9474-1A3956D46DE8}") = "Solution Items", "Solution Items", "{E5BEFC5C-6E81-4757-939B-E0601F6493FD}"
	ProjectSection(SolutionItems) = preProject
		.editorconfig = .editorconfig
	EndProjectSection
EndProject
Global
	GlobalSection(SolutionConfigurationPlatforms) = preSolution
		Debug|Any CPU = Debug|Any CPU
		Release|Any CPU = Release|Any CPU
	EndGlobalSection
	GlobalSection(ProjectConfigurationPlatforms) = postSolution
		{B8D21F40-6343-46DA-8B58-44C25AE4B799}.Debug|Any CPU.ActiveCfg = Debug|Any CPU
		{B8D21F40-6343-46DA-8B58-44C25AE4B799}.Debug|Any CPU.Build.0 = Debug|Any CPU
		{B8D21F40-6343-46DA-8B58-44C25AE4B799}.Release|Any CPU.ActiveCfg = Release|Any CPU
		{B8D21F40-6343-46DA-8B58-44C25AE4B799}.Release|Any CPU.Build.0 = Release|Any CPU
		{E155C20D-A554-47AA-AB07-AB519A41E3DB}.Debug|Any CPU.ActiveCfg = Debug|Any CPU
		{E155C20D-A554-47AA-AB07-AB519A41E3DB}.Debug|Any CPU.Build.0 = Debug|Any CPU
		{E155C20D-A554-47AA-AB07-AB519A41E3DB}.Release|Any CPU.ActiveCfg = Release|Any CPU
		{E155C20D-A554-47AA-AB07-AB519A41E3DB}.Release|Any CPU.Build.0 = Release|Any CPU
		{3D9A2C72-D655-4B25-8E4C-C8F8EE8A40DD}.Debug|Any CPU.ActiveCfg = Debug|Any CPU
		{3D9A2C72-D655-4B25-8E4C-C8F8EE8A40DD}.Debug|Any CPU.Build.0 = Debug|Any CPU
		{3D9A2C72-D655-4B25-8E4C-C8F8EE8A40DD}.Release|Any CPU.ActiveCfg = Release|Any CPU
		{3D9A2C72-D655-4B25-8E4C-C8F8EE8A40DD}.Release|Any CPU.Build.0 = Release|Any CPU
	EndGlobalSection
	GlobalSection(SolutionProperties) = preSolution
		HideSolutionNode = FALSE
	EndGlobalSection
	GlobalSection(ExtensibilityGlobals) = postSolution
		SolutionGuid = {FD1F29D8-77FD-4265-9ED5-73C8135BF0ED}
	EndGlobalSection
EndGlobal
